
Microsoft Visual Studio Solution File, Format Version 12.00
# Visual Studio Version 17
VisualStudioVersion = 17.7.34009.444
MinimumVisualStudioVersion = 10.0.40219.1
Project("{FAE04EC0-301F-11D3-BF4B-00C04F79EFBC}") = "CreatingMino", "CreatingMino\CreatingMino.csproj", "{9494E9C9-EB27-4C26-8F64-9D1F1171EBE5}"
EndProject
Global
	GlobalSection(SolutionConfigurationPlatforms) = preSolution
		Debug|Any CPU = Debug|Any CPU
		Release|Any CPU = Release|Any CPU
	EndGlobalSection
	GlobalSection(ProjectConfigurationPlatforms) = postSolution
		{9494E9C9-EB27-4C26-8F64-9D1F1171EBE5}.Debug|Any CPU.ActiveCfg = Debug|Any CPU
		{9494E9C9-EB27-4C26-8F64-9D1F1171EBE5}.Debug|Any CPU.Build.0 = Debug|Any CPU
		{9494E9C9-EB27-4C26-8F64-9D1F1171EBE5}.Release|Any CPU.ActiveCfg = Release|Any CPU
		{9494E9C9-EB27-4C26-8F64-9D1F1171EBE5}.Release|Any CPU.Build.0 = Release|Any CPU
	EndGlobalSection
	GlobalSection(SolutionProperties) = preSolution
		HideSolutionNode = FALSE
	EndGlobalSection
	GlobalSection(ExtensibilityGlobals) = postSolution
		SolutionGuid = {DA32E81D-564C-4397-940B-58B3B1185217}
	EndGlobalSection
EndGlobal
